// !$*UTF8*$!
{
	archiveVersion = 1;
	classes = {
	};
	objectVersion = 50;
	objects = {

/* Begin PBXBuildFile section */
		1770F0B7E46F4B756516D800 /* Pods_ProjectStructureExampleTests.framework in Frameworks */ = {isa = PBXBuildFile; fileRef = 334B085B13741C064B0FA215 /* Pods_ProjectStructureExampleTests.framework */; };
		2F5C7254DB2011F4E21C4A89 /* Pods_ProjectStructureExample.framework in Frameworks */ = {isa = PBXBuildFile; fileRef = DCA014740BD7E31863533B76 /* Pods_ProjectStructureExample.framework */; };
		7373140ADB3B011D18071C90 /* Pods_ProjectStructureExampleUITests.framework in Frameworks */ = {isa = PBXBuildFile; fileRef = C9A54927BC7F7237BDC814A6 /* Pods_ProjectStructureExampleUITests.framework */; };
		A4CC50382183979F00D4F5D7 /* AppDelegate.swift in Sources */ = {isa = PBXBuildFile; fileRef = A4CC50372183979F00D4F5D7 /* AppDelegate.swift */; };
		A4CC503A2183979F00D4F5D7 /* ViewController.swift in Sources */ = {isa = PBXBuildFile; fileRef = A4CC50392183979F00D4F5D7 /* ViewController.swift */; };
		A4CC503D2183979F00D4F5D7 /* Main.storyboard in Resources */ = {isa = PBXBuildFile; fileRef = A4CC503B2183979F00D4F5D7 /* Main.storyboard */; };
		A4CC503F218397A000D4F5D7 /* Assets.xcassets in Resources */ = {isa = PBXBuildFile; fileRef = A4CC503E218397A000D4F5D7 /* Assets.xcassets */; };
		A4CC5042218397A000D4F5D7 /* LaunchScreen.storyboard in Resources */ = {isa = PBXBuildFile; fileRef = A4CC5040218397A000D4F5D7 /* LaunchScreen.storyboard */; };
		A4CC504D218397A000D4F5D7 /* ProjectStructureExampleTests.swift in Sources */ = {isa = PBXBuildFile; fileRef = A4CC504C218397A000D4F5D7 /* ProjectStructureExampleTests.swift */; };
		A4CC5058218397A000D4F5D7 /* ProjectStructureExampleUITests.swift in Sources */ = {isa = PBXBuildFile; fileRef = A4CC5057218397A000D4F5D7 /* ProjectStructureExampleUITests.swift */; };
		A4CC508321839D4400D4F5D7 /* ProjectStructureExampleKit.framework in Frameworks */ = {isa = PBXBuildFile; fileRef = A4CC507A21839D4400D4F5D7 /* ProjectStructureExampleKit.framework */; };
		A4CC508A21839D4400D4F5D7 /* ProjectStructureExampleKitTests.swift in Sources */ = {isa = PBXBuildFile; fileRef = A4CC508921839D4400D4F5D7 /* ProjectStructureExampleKitTests.swift */; };
		A4CC508C21839D4400D4F5D7 /* ProjectStructureExampleKit.h in Headers */ = {isa = PBXBuildFile; fileRef = A4CC507C21839D4400D4F5D7 /* ProjectStructureExampleKit.h */; settings = {ATTRIBUTES = (Public, ); }; };
		A4CC508F21839D4400D4F5D7 /* ProjectStructureExampleKit.framework in Frameworks */ = {isa = PBXBuildFile; fileRef = A4CC507A21839D4400D4F5D7 /* ProjectStructureExampleKit.framework */; };
		A4CC509021839D4400D4F5D7 /* ProjectStructureExampleKit.framework in Embed Frameworks */ = {isa = PBXBuildFile; fileRef = A4CC507A21839D4400D4F5D7 /* ProjectStructureExampleKit.framework */; settings = {ATTRIBUTES = (CodeSignOnCopy, RemoveHeadersOnCopy, ); }; };
/* End PBXBuildFile section */

/* Begin PBXContainerItemProxy section */
		A4CC5049218397A000D4F5D7 /* PBXContainerItemProxy */ = {
			isa = PBXContainerItemProxy;
			containerPortal = A4CC502C2183979F00D4F5D7 /* Project object */;
			proxyType = 1;
			remoteGlobalIDString = A4CC50332183979F00D4F5D7;
			remoteInfo = ProjectStructureExample;
		};
		A4CC5054218397A000D4F5D7 /* PBXContainerItemProxy */ = {
			isa = PBXContainerItemProxy;
			containerPortal = A4CC502C2183979F00D4F5D7 /* Project object */;
			proxyType = 1;
			remoteGlobalIDString = A4CC50332183979F00D4F5D7;
			remoteInfo = ProjectStructureExample;
		};
		A4CC508421839D4400D4F5D7 /* PBXContainerItemProxy */ = {
			isa = PBXContainerItemProxy;
			containerPortal = A4CC502C2183979F00D4F5D7 /* Project object */;
			proxyType = 1;
			remoteGlobalIDString = A4CC507921839D4400D4F5D7;
			remoteInfo = ProjectStructureExampleKit;
		};
		A4CC508621839D4400D4F5D7 /* PBXContainerItemProxy */ = {
			isa = PBXContainerItemProxy;
			containerPortal = A4CC502C2183979F00D4F5D7 /* Project object */;
			proxyType = 1;
			remoteGlobalIDString = A4CC50332183979F00D4F5D7;
			remoteInfo = ProjectStructureExample;
		};
		A4CC508D21839D4400D4F5D7 /* PBXContainerItemProxy */ = {
			isa = PBXContainerItemProxy;
			containerPortal = A4CC502C2183979F00D4F5D7 /* Project object */;
			proxyType = 1;
			remoteGlobalIDString = A4CC507921839D4400D4F5D7;
			remoteInfo = ProjectStructureExampleKit;
		};
/* End PBXContainerItemProxy section */

/* Begin PBXCopyFilesBuildPhase section */
		A4CC509421839D4400D4F5D7 /* Embed Frameworks */ = {
			isa = PBXCopyFilesBuildPhase;
			buildActionMask = 2147483647;
			dstPath = "";
			dstSubfolderSpec = 10;
			files = (
				A4CC509021839D4400D4F5D7 /* ProjectStructureExampleKit.framework in Embed Frameworks */,
			);
			name = "Embed Frameworks";
			runOnlyForDeploymentPostprocessing = 0;
		};
/* End PBXCopyFilesBuildPhase section */

/* Begin PBXFileReference section */
		334B085B13741C064B0FA215 /* Pods_ProjectStructureExampleTests.framework */ = {isa = PBXFileReference; explicitFileType = wrapper.framework; includeInIndex = 0; path = Pods_ProjectStructureExampleTests.framework; sourceTree = BUILT_PRODUCTS_DIR; };
		39A15DD623CF3934CFEB2AF9 /* Pods-ProjectStructureExample.release.xcconfig */ = {isa = PBXFileReference; includeInIndex = 1; lastKnownFileType = text.xcconfig; name = "Pods-ProjectStructureExample.release.xcconfig"; path = "Pods/Target Support Files/Pods-ProjectStructureExample/Pods-ProjectStructureExample.release.xcconfig"; sourceTree = "<group>"; };
		550E58CE2A837254D9A7C0CF /* Pods-ProjectStructureExample.debug.xcconfig */ = {isa = PBXFileReference; includeInIndex = 1; lastKnownFileType = text.xcconfig; name = "Pods-ProjectStructureExample.debug.xcconfig"; path = "Pods/Target Support Files/Pods-ProjectStructureExample/Pods-ProjectStructureExample.debug.xcconfig"; sourceTree = "<group>"; };
		7F2622F9E3B70DADACC2C496 /* Pods-ProjectStructureExampleTests.release.xcconfig */ = {isa = PBXFileReference; includeInIndex = 1; lastKnownFileType = text.xcconfig; name = "Pods-ProjectStructureExampleTests.release.xcconfig"; path = "Pods/Target Support Files/Pods-ProjectStructureExampleTests/Pods-ProjectStructureExampleTests.release.xcconfig"; sourceTree = "<group>"; };
		9094804F0EAF7B894965F92C /* Pods-ProjectStructureExampleTests.debug.xcconfig */ = {isa = PBXFileReference; includeInIndex = 1; lastKnownFileType = text.xcconfig; name = "Pods-ProjectStructureExampleTests.debug.xcconfig"; path = "Pods/Target Support Files/Pods-ProjectStructureExampleTests/Pods-ProjectStructureExampleTests.debug.xcconfig"; sourceTree = "<group>"; };
		A4CC50342183979F00D4F5D7 /* ProjectStructureExample.app */ = {isa = PBXFileReference; explicitFileType = wrapper.application; includeInIndex = 0; path = ProjectStructureExample.app; sourceTree = BUILT_PRODUCTS_DIR; };
		A4CC50372183979F00D4F5D7 /* AppDelegate.swift */ = {isa = PBXFileReference; lastKnownFileType = sourcecode.swift; path = AppDelegate.swift; sourceTree = "<group>"; };
		A4CC50392183979F00D4F5D7 /* ViewController.swift */ = {isa = PBXFileReference; lastKnownFileType = sourcecode.swift; path = ViewController.swift; sourceTree = "<group>"; };
		A4CC503C2183979F00D4F5D7 /* Base */ = {isa = PBXFileReference; lastKnownFileType = file.storyboard; name = Base; path = Base.lproj/Main.storyboard; sourceTree = "<group>"; };
		A4CC503E218397A000D4F5D7 /* Assets.xcassets */ = {isa = PBXFileReference; lastKnownFileType = folder.assetcatalog; path = Assets.xcassets; sourceTree = "<group>"; };
		A4CC5041218397A000D4F5D7 /* Base */ = {isa = PBXFileReference; lastKnownFileType = file.storyboard; name = Base; path = Base.lproj/LaunchScreen.storyboard; sourceTree = "<group>"; };
		A4CC5043218397A000D4F5D7 /* Info.plist */ = {isa = PBXFileReference; lastKnownFileType = text.plist.xml; path = Info.plist; sourceTree = "<group>"; };
		A4CC5048218397A000D4F5D7 /* ProjectStructureExampleTests.xctest */ = {isa = PBXFileReference; explicitFileType = wrapper.cfbundle; includeInIndex = 0; path = ProjectStructureExampleTests.xctest; sourceTree = BUILT_PRODUCTS_DIR; };
		A4CC504C218397A000D4F5D7 /* ProjectStructureExampleTests.swift */ = {isa = PBXFileReference; lastKnownFileType = sourcecode.swift; path = ProjectStructureExampleTests.swift; sourceTree = "<group>"; };
		A4CC504E218397A000D4F5D7 /* Info.plist */ = {isa = PBXFileReference; lastKnownFileType = text.plist.xml; path = Info.plist; sourceTree = "<group>"; };
		A4CC5053218397A000D4F5D7 /* ProjectStructureExampleUITests.xctest */ = {isa = PBXFileReference; explicitFileType = wrapper.cfbundle; includeInIndex = 0; path = ProjectStructureExampleUITests.xctest; sourceTree = BUILT_PRODUCTS_DIR; };
		A4CC5057218397A000D4F5D7 /* ProjectStructureExampleUITests.swift */ = {isa = PBXFileReference; lastKnownFileType = sourcecode.swift; path = ProjectStructureExampleUITests.swift; sourceTree = "<group>"; };
		A4CC5059218397A000D4F5D7 /* Info.plist */ = {isa = PBXFileReference; lastKnownFileType = text.plist.xml; path = Info.plist; sourceTree = "<group>"; };
		A4CC507A21839D4400D4F5D7 /* ProjectStructureExampleKit.framework */ = {isa = PBXFileReference; explicitFileType = wrapper.framework; includeInIndex = 0; path = ProjectStructureExampleKit.framework; sourceTree = BUILT_PRODUCTS_DIR; };
		A4CC507C21839D4400D4F5D7 /* ProjectStructureExampleKit.h */ = {isa = PBXFileReference; lastKnownFileType = sourcecode.c.h; path = ProjectStructureExampleKit.h; sourceTree = "<group>"; };
		A4CC507D21839D4400D4F5D7 /* Info.plist */ = {isa = PBXFileReference; lastKnownFileType = text.plist.xml; path = Info.plist; sourceTree = "<group>"; };
		A4CC508221839D4400D4F5D7 /* ProjectStructureExampleKitTests.xctest */ = {isa = PBXFileReference; explicitFileType = wrapper.cfbundle; includeInIndex = 0; path = ProjectStructureExampleKitTests.xctest; sourceTree = BUILT_PRODUCTS_DIR; };
		A4CC508921839D4400D4F5D7 /* ProjectStructureExampleKitTests.swift */ = {isa = PBXFileReference; lastKnownFileType = sourcecode.swift; path = ProjectStructureExampleKitTests.swift; sourceTree = "<group>"; };
		A4CC508B21839D4400D4F5D7 /* Info.plist */ = {isa = PBXFileReference; lastKnownFileType = text.plist.xml; path = Info.plist; sourceTree = "<group>"; };
		A718ECE154074B210D2F671B /* Pods-ProjectStructureExampleUITests.release.xcconfig */ = {isa = PBXFileReference; includeInIndex = 1; lastKnownFileType = text.xcconfig; name = "Pods-ProjectStructureExampleUITests.release.xcconfig"; path = "Pods/Target Support Files/Pods-ProjectStructureExampleUITests/Pods-ProjectStructureExampleUITests.release.xcconfig"; sourceTree = "<group>"; };
		C9A54927BC7F7237BDC814A6 /* Pods_ProjectStructureExampleUITests.framework */ = {isa = PBXFileReference; explicitFileType = wrapper.framework; includeInIndex = 0; path = Pods_ProjectStructureExampleUITests.framework; sourceTree = BUILT_PRODUCTS_DIR; };
		DCA014740BD7E31863533B76 /* Pods_ProjectStructureExample.framework */ = {isa = PBXFileReference; explicitFileType = wrapper.framework; includeInIndex = 0; path = Pods_ProjectStructureExample.framework; sourceTree = BUILT_PRODUCTS_DIR; };
		F644A71E12FE8AF42904696A /* Pods-ProjectStructureExampleUITests.debug.xcconfig */ = {isa = PBXFileReference; includeInIndex = 1; lastKnownFileType = text.xcconfig; name = "Pods-ProjectStructureExampleUITests.debug.xcconfig"; path = "Pods/Target Support Files/Pods-ProjectStructureExampleUITests/Pods-ProjectStructureExampleUITests.debug.xcconfig"; sourceTree = "<group>"; };
/* End PBXFileReference section */

/* Begin PBXFrameworksBuildPhase section */
		A4CC50312183979F00D4F5D7 /* Frameworks */ = {
			isa = PBXFrameworksBuildPhase;
			buildActionMask = 2147483647;
			files = (
				A4CC508F21839D4400D4F5D7 /* ProjectStructureExampleKit.framework in Frameworks */,
				2F5C7254DB2011F4E21C4A89 /* Pods_ProjectStructureExample.framework in Frameworks */,
			);
			runOnlyForDeploymentPostprocessing = 0;
		};
		A4CC5045218397A000D4F5D7 /* Frameworks */ = {
			isa = PBXFrameworksBuildPhase;
			buildActionMask = 2147483647;
			files = (
				1770F0B7E46F4B756516D800 /* Pods_ProjectStructureExampleTests.framework in Frameworks */,
			);
			runOnlyForDeploymentPostprocessing = 0;
		};
		A4CC5050218397A000D4F5D7 /* Frameworks */ = {
			isa = PBXFrameworksBuildPhase;
			buildActionMask = 2147483647;
			files = (
				7373140ADB3B011D18071C90 /* Pods_ProjectStructureExampleUITests.framework in Frameworks */,
			);
			runOnlyForDeploymentPostprocessing = 0;
		};
		A4CC507721839D4400D4F5D7 /* Frameworks */ = {
			isa = PBXFrameworksBuildPhase;
			buildActionMask = 2147483647;
			files = (
			);
			runOnlyForDeploymentPostprocessing = 0;
		};
		A4CC507F21839D4400D4F5D7 /* Frameworks */ = {
			isa = PBXFrameworksBuildPhase;
			buildActionMask = 2147483647;
			files = (
				A4CC508321839D4400D4F5D7 /* ProjectStructureExampleKit.framework in Frameworks */,
			);
			runOnlyForDeploymentPostprocessing = 0;
		};
/* End PBXFrameworksBuildPhase section */

/* Begin PBXGroup section */
		7122A75D76E1C4599038EF12 /* Frameworks */ = {
			isa = PBXGroup;
			children = (
				DCA014740BD7E31863533B76 /* Pods_ProjectStructureExample.framework */,
				334B085B13741C064B0FA215 /* Pods_ProjectStructureExampleTests.framework */,
				C9A54927BC7F7237BDC814A6 /* Pods_ProjectStructureExampleUITests.framework */,
			);
			name = Frameworks;
			sourceTree = "<group>";
		};
		A4CC502B2183979F00D4F5D7 = {
			isa = PBXGroup;
			children = (
				A4CC50362183979F00D4F5D7 /* ProjectStructureExample */,
				A4CC504B218397A000D4F5D7 /* ProjectStructureExampleTests */,
				A4CC5056218397A000D4F5D7 /* ProjectStructureExampleUITests */,
				A4CC507B21839D4400D4F5D7 /* ProjectStructureExampleKit */,
				A4CC508821839D4400D4F5D7 /* ProjectStructureExampleKitTests */,
				A4CC50352183979F00D4F5D7 /* Products */,
				E8D3A52B765BEFE1633E2E87 /* Pods */,
				7122A75D76E1C4599038EF12 /* Frameworks */,
			);
			sourceTree = "<group>";
		};
		A4CC50352183979F00D4F5D7 /* Products */ = {
			isa = PBXGroup;
			children = (
				A4CC50342183979F00D4F5D7 /* ProjectStructureExample.app */,
				A4CC5048218397A000D4F5D7 /* ProjectStructureExampleTests.xctest */,
				A4CC5053218397A000D4F5D7 /* ProjectStructureExampleUITests.xctest */,
				A4CC507A21839D4400D4F5D7 /* ProjectStructureExampleKit.framework */,
				A4CC508221839D4400D4F5D7 /* ProjectStructureExampleKitTests.xctest */,
			);
			name = Products;
			sourceTree = "<group>";
		};
		A4CC50362183979F00D4F5D7 /* ProjectStructureExample */ = {
			isa = PBXGroup;
			children = (
				A4CC50672183985D00D4F5D7 /* Shared */,
				A4CC50652183984800D4F5D7 /* Screens */,
				A4CC50372183979F00D4F5D7 /* AppDelegate.swift */,
				A4CC503E218397A000D4F5D7 /* Assets.xcassets */,
				A4CC5043218397A000D4F5D7 /* Info.plist */,
			);
			path = ProjectStructureExample;
			sourceTree = "<group>";
		};
		A4CC504B218397A000D4F5D7 /* ProjectStructureExampleTests */ = {
			isa = PBXGroup;
			children = (
				A4CC504C218397A000D4F5D7 /* ProjectStructureExampleTests.swift */,
				A4CC504E218397A000D4F5D7 /* Info.plist */,
			);
			path = ProjectStructureExampleTests;
			sourceTree = "<group>";
		};
		A4CC5056218397A000D4F5D7 /* ProjectStructureExampleUITests */ = {
			isa = PBXGroup;
			children = (
				A4CC5057218397A000D4F5D7 /* ProjectStructureExampleUITests.swift */,
				A4CC5059218397A000D4F5D7 /* Info.plist */,
			);
			path = ProjectStructureExampleUITests;
			sourceTree = "<group>";
		};
		A4CC50652183984800D4F5D7 /* Screens */ = {
			isa = PBXGroup;
			children = (
				A4CC506A218398B100D4F5D7 /* Account */,
				A4CC50662183985100D4F5D7 /* Home */,
				A4CC5069218398A500D4F5D7 /* Login */,
			);
			path = Screens;
			sourceTree = "<group>";
		};
		A4CC50662183985100D4F5D7 /* Home */ = {
			isa = PBXGroup;
			children = (
				A4CC50392183979F00D4F5D7 /* ViewController.swift */,
			);
			path = Home;
			sourceTree = "<group>";
		};
		A4CC50672183985D00D4F5D7 /* Shared */ = {
			isa = PBXGroup;
			children = (
				A4CC506B218398C600D4F5D7 /* Alerts */,
				A4CC506C2183990100D4F5D7 /* Analytics */,
				A4CC506D2183990700D4F5D7 /* Constants */,
				A4CC506E2183990B00D4F5D7 /* Controllers */,
				A4CC506F2183991100D4F5D7 /* Environment */,
				A4CC50702183991600D4F5D7 /* Extensions */,
				A4CC50712183991C00D4F5D7 /* Logging */,
				A4CC50722183992200D4F5D7 /* Manager */,
				A4CC50732183992900D4F5D7 /* Models */,
				A4CC50682183987B00D4F5D7 /* Storyboards */,
				A4CC50742183992E00D4F5D7 /* Views */,
			);
			path = Shared;
			sourceTree = "<group>";
		};
		A4CC50682183987B00D4F5D7 /* Storyboards */ = {
			isa = PBXGroup;
			children = (
				A4CC5040218397A000D4F5D7 /* LaunchScreen.storyboard */,
				A4CC503B2183979F00D4F5D7 /* Main.storyboard */,
			);
			path = Storyboards;
			sourceTree = "<group>";
		};
		A4CC5069218398A500D4F5D7 /* Login */ = {
			isa = PBXGroup;
			children = (
			);
			path = Login;
			sourceTree = "<group>";
		};
		A4CC506A218398B100D4F5D7 /* Account */ = {
			isa = PBXGroup;
			children = (
			);
			path = Account;
			sourceTree = "<group>";
		};
		A4CC506B218398C600D4F5D7 /* Alerts */ = {
			isa = PBXGroup;
			children = (
			);
			path = Alerts;
			sourceTree = "<group>";
		};
		A4CC506C2183990100D4F5D7 /* Analytics */ = {
			isa = PBXGroup;
			children = (
			);
			path = Analytics;
			sourceTree = "<group>";
		};
		A4CC506D2183990700D4F5D7 /* Constants */ = {
			isa = PBXGroup;
			children = (
			);
			path = Constants;
			sourceTree = "<group>";
		};
		A4CC506E2183990B00D4F5D7 /* Controllers */ = {
			isa = PBXGroup;
			children = (
			);
			path = Controllers;
			sourceTree = "<group>";
		};
		A4CC506F2183991100D4F5D7 /* Environment */ = {
			isa = PBXGroup;
			children = (
			);
			path = Environment;
			sourceTree = "<group>";
		};
		A4CC50702183991600D4F5D7 /* Extensions */ = {
			isa = PBXGroup;
			children = (
			);
			path = Extensions;
			sourceTree = "<group>";
		};
		A4CC50712183991C00D4F5D7 /* Logging */ = {
			isa = PBXGroup;
			children = (
			);
			path = Logging;
			sourceTree = "<group>";
		};
		A4CC50722183992200D4F5D7 /* Manager */ = {
			isa = PBXGroup;
			children = (
			);
			path = Manager;
			sourceTree = "<group>";
		};
		A4CC50732183992900D4F5D7 /* Models */ = {
			isa = PBXGroup;
			children = (
			);
			path = Models;
			sourceTree = "<group>";
		};
		A4CC50742183992E00D4F5D7 /* Views */ = {
			isa = PBXGroup;
			children = (
			);
			path = Views;
			sourceTree = "<group>";
		};
		A4CC507B21839D4400D4F5D7 /* ProjectStructureExampleKit */ = {
			isa = PBXGroup;
			children = (
				A4CC507C21839D4400D4F5D7 /* ProjectStructureExampleKit.h */,
				A4CC507D21839D4400D4F5D7 /* Info.plist */,
			);
			path = ProjectStructureExampleKit;
			sourceTree = "<group>";
		};
		A4CC508821839D4400D4F5D7 /* ProjectStructureExampleKitTests */ = {
			isa = PBXGroup;
			children = (
				A4CC508921839D4400D4F5D7 /* ProjectStructureExampleKitTests.swift */,
				A4CC508B21839D4400D4F5D7 /* Info.plist */,
			);
			path = ProjectStructureExampleKitTests;
			sourceTree = "<group>";
		};
		E8D3A52B765BEFE1633E2E87 /* Pods */ = {
			isa = PBXGroup;
			children = (
				550E58CE2A837254D9A7C0CF /* Pods-ProjectStructureExample.debug.xcconfig */,
				39A15DD623CF3934CFEB2AF9 /* Pods-ProjectStructureExample.release.xcconfig */,
				9094804F0EAF7B894965F92C /* Pods-ProjectStructureExampleTests.debug.xcconfig */,
				7F2622F9E3B70DADACC2C496 /* Pods-ProjectStructureExampleTests.release.xcconfig */,
				F644A71E12FE8AF42904696A /* Pods-ProjectStructureExampleUITests.debug.xcconfig */,
				A718ECE154074B210D2F671B /* Pods-ProjectStructureExampleUITests.release.xcconfig */,
			);
			name = Pods;
			sourceTree = "<group>";
		};
/* End PBXGroup section */

/* Begin PBXHeadersBuildPhase section */
		A4CC507521839D4400D4F5D7 /* Headers */ = {
			isa = PBXHeadersBuildPhase;
			buildActionMask = 2147483647;
			files = (
				A4CC508C21839D4400D4F5D7 /* ProjectStructureExampleKit.h in Headers */,
			);
			runOnlyForDeploymentPostprocessing = 0;
		};
/* End PBXHeadersBuildPhase section */

/* Begin PBXNativeTarget section */
		A4CC50332183979F00D4F5D7 /* ProjectStructureExample */ = {
			isa = PBXNativeTarget;
			buildConfigurationList = A4CC505C218397A000D4F5D7 /* Build configuration list for PBXNativeTarget "ProjectStructureExample" */;
			buildPhases = (
				5C44B2EB4D244F0CCDA33B5C /* [CP] Check Pods Manifest.lock */,
				A4CC50302183979F00D4F5D7 /* Sources */,
				A4CC50312183979F00D4F5D7 /* Frameworks */,
				A4CC50322183979F00D4F5D7 /* Resources */,
				1F5B43CAA7E8256579E59877 /* [CP] Embed Pods Frameworks */,
				8ABC1E1B73197B6E873D5500 /* [CP] Copy Pods Resources */,
				A4CC509421839D4400D4F5D7 /* Embed Frameworks */,
			);
			buildRules = (
			);
			dependencies = (
				A4CC508E21839D4400D4F5D7 /* PBXTargetDependency */,
			);
			name = ProjectStructureExample;
			productName = ProjectStructureExample;
			productReference = A4CC50342183979F00D4F5D7 /* ProjectStructureExample.app */;
			productType = "com.apple.product-type.application";
		};
		A4CC5047218397A000D4F5D7 /* ProjectStructureExampleTests */ = {
			isa = PBXNativeTarget;
			buildConfigurationList = A4CC505F218397A000D4F5D7 /* Build configuration list for PBXNativeTarget "ProjectStructureExampleTests" */;
			buildPhases = (
				C64040E1829D454395D7AB83 /* [CP] Check Pods Manifest.lock */,
				A4CC5044218397A000D4F5D7 /* Sources */,
				A4CC5045218397A000D4F5D7 /* Frameworks */,
				A4CC5046218397A000D4F5D7 /* Resources */,
				F5327437CF7E8EA54BE2B820 /* [CP] Embed Pods Frameworks */,
				ED5678DB6F99C082AE97438D /* [CP] Copy Pods Resources */,
			);
			buildRules = (
			);
			dependencies = (
				A4CC504A218397A000D4F5D7 /* PBXTargetDependency */,
			);
			name = ProjectStructureExampleTests;
			productName = ProjectStructureExampleTests;
			productReference = A4CC5048218397A000D4F5D7 /* ProjectStructureExampleTests.xctest */;
			productType = "com.apple.product-type.bundle.unit-test";
		};
		A4CC5052218397A000D4F5D7 /* ProjectStructureExampleUITests */ = {
			isa = PBXNativeTarget;
			buildConfigurationList = A4CC5062218397A000D4F5D7 /* Build configuration list for PBXNativeTarget "ProjectStructureExampleUITests" */;
			buildPhases = (
				14887CCED22E022713627DE8 /* [CP] Check Pods Manifest.lock */,
				A4CC504F218397A000D4F5D7 /* Sources */,
				A4CC5050218397A000D4F5D7 /* Frameworks */,
				A4CC5051218397A000D4F5D7 /* Resources */,
				A31AF2E44E8057D5E8ED96C4 /* [CP] Embed Pods Frameworks */,
				E7668D005E08B0914B4899E6 /* [CP] Copy Pods Resources */,
			);
			buildRules = (
			);
			dependencies = (
				A4CC5055218397A000D4F5D7 /* PBXTargetDependency */,
			);
			name = ProjectStructureExampleUITests;
			productName = ProjectStructureExampleUITests;
			productReference = A4CC5053218397A000D4F5D7 /* ProjectStructureExampleUITests.xctest */;
			productType = "com.apple.product-type.bundle.ui-testing";
		};
		A4CC507921839D4400D4F5D7 /* ProjectStructureExampleKit */ = {
			isa = PBXNativeTarget;
			buildConfigurationList = A4CC509121839D4400D4F5D7 /* Build configuration list for PBXNativeTarget "ProjectStructureExampleKit" */;
			buildPhases = (
				A4CC507521839D4400D4F5D7 /* Headers */,
				A4CC507621839D4400D4F5D7 /* Sources */,
				A4CC507721839D4400D4F5D7 /* Frameworks */,
				A4CC507821839D4400D4F5D7 /* Resources */,
			);
			buildRules = (
			);
			dependencies = (
			);
			name = ProjectStructureExampleKit;
			productName = ProjectStructureExampleKit;
			productReference = A4CC507A21839D4400D4F5D7 /* ProjectStructureExampleKit.framework */;
			productType = "com.apple.product-type.framework";
		};
		A4CC508121839D4400D4F5D7 /* ProjectStructureExampleKitTests */ = {
			isa = PBXNativeTarget;
			buildConfigurationList = A4CC509521839D4400D4F5D7 /* Build configuration list for PBXNativeTarget "ProjectStructureExampleKitTests" */;
			buildPhases = (
				A4CC507E21839D4400D4F5D7 /* Sources */,
				A4CC507F21839D4400D4F5D7 /* Frameworks */,
				A4CC508021839D4400D4F5D7 /* Resources */,
			);
			buildRules = (
			);
			dependencies = (
				A4CC508521839D4400D4F5D7 /* PBXTargetDependency */,
				A4CC508721839D4400D4F5D7 /* PBXTargetDependency */,
			);
			name = ProjectStructureExampleKitTests;
			productName = ProjectStructureExampleKitTests;
			productReference = A4CC508221839D4400D4F5D7 /* ProjectStructureExampleKitTests.xctest */;
			productType = "com.apple.product-type.bundle.unit-test";
		};
/* End PBXNativeTarget section */

/* Begin PBXProject section */
		A4CC502C2183979F00D4F5D7 /* Project object */ = {
			isa = PBXProject;
			attributes = {
				LastSwiftUpdateCheck = 1000;
				LastUpgradeCheck = 1000;
				ORGANIZATIONNAME = "Tyler Milner";
				TargetAttributes = {
					A4CC50332183979F00D4F5D7 = {
						CreatedOnToolsVersion = 10.0;
					};
					A4CC5047218397A000D4F5D7 = {
						CreatedOnToolsVersion = 10.0;
						TestTargetID = A4CC50332183979F00D4F5D7;
					};
					A4CC5052218397A000D4F5D7 = {
						CreatedOnToolsVersion = 10.0;
						TestTargetID = A4CC50332183979F00D4F5D7;
					};
					A4CC507921839D4400D4F5D7 = {
						CreatedOnToolsVersion = 10.0;
					};
					A4CC508121839D4400D4F5D7 = {
						CreatedOnToolsVersion = 10.0;
						TestTargetID = A4CC50332183979F00D4F5D7;
					};
				};
			};
			buildConfigurationList = A4CC502F2183979F00D4F5D7 /* Build configuration list for PBXProject "ProjectStructureExample" */;
			compatibilityVersion = "Xcode 9.3";
			developmentRegion = en;
			hasScannedForEncodings = 0;
			knownRegions = (
				en,
				Base,
			);
			mainGroup = A4CC502B2183979F00D4F5D7;
			productRefGroup = A4CC50352183979F00D4F5D7 /* Products */;
			projectDirPath = "";
			projectRoot = "";
			targets = (
				A4CC50332183979F00D4F5D7 /* ProjectStructureExample */,
				A4CC5047218397A000D4F5D7 /* ProjectStructureExampleTests */,
				A4CC5052218397A000D4F5D7 /* ProjectStructureExampleUITests */,
				A4CC507921839D4400D4F5D7 /* ProjectStructureExampleKit */,
				A4CC508121839D4400D4F5D7 /* ProjectStructureExampleKitTests */,
			);
		};
/* End PBXProject section */

/* Begin PBXResourcesBuildPhase section */
		A4CC50322183979F00D4F5D7 /* Resources */ = {
			isa = PBXResourcesBuildPhase;
			buildActionMask = 2147483647;
			files = (
				A4CC5042218397A000D4F5D7 /* LaunchScreen.storyboard in Resources */,
				A4CC503F218397A000D4F5D7 /* Assets.xcassets in Resources */,
				A4CC503D2183979F00D4F5D7 /* Main.storyboard in Resources */,
			);
			runOnlyForDeploymentPostprocessing = 0;
		};
		A4CC5046218397A000D4F5D7 /* Resources */ = {
			isa = PBXResourcesBuildPhase;
			buildActionMask = 2147483647;
			files = (
			);
			runOnlyForDeploymentPostprocessing = 0;
		};
		A4CC5051218397A000D4F5D7 /* Resources */ = {
			isa = PBXResourcesBuildPhase;
			buildActionMask = 2147483647;
			files = (
			);
			runOnlyForDeploymentPostprocessing = 0;
		};
		A4CC507821839D4400D4F5D7 /* Resources */ = {
			isa = PBXResourcesBuildPhase;
			buildActionMask = 2147483647;
			files = (
			);
			runOnlyForDeploymentPostprocessing = 0;
		};
		A4CC508021839D4400D4F5D7 /* Resources */ = {
			isa = PBXResourcesBuildPhase;
			buildActionMask = 2147483647;
			files = (
			);
			runOnlyForDeploymentPostprocessing = 0;
		};
/* End PBXResourcesBuildPhase section */

/* Begin PBXShellScriptBuildPhase section */
		14887CCED22E022713627DE8 /* [CP] Check Pods Manifest.lock */ = {
			isa = PBXShellScriptBuildPhase;
			buildActionMask = 2147483647;
			files = (
			);
			inputPaths = (
				"${PODS_PODFILE_DIR_PATH}/Podfile.lock",
				"${PODS_ROOT}/Manifest.lock",
			);
			name = "[CP] Check Pods Manifest.lock";
			outputPaths = (
				"$(DERIVED_FILE_DIR)/Pods-ProjectStructureExampleUITests-checkManifestLockResult.txt",
			);
			runOnlyForDeploymentPostprocessing = 0;
			shellPath = /bin/sh;
			shellScript = "diff \"${PODS_PODFILE_DIR_PATH}/Podfile.lock\" \"${PODS_ROOT}/Manifest.lock\" > /dev/null\nif [ $? != 0 ] ; then\n    # print error to STDERR\n    echo \"error: The sandbox is not in sync with the Podfile.lock. Run 'pod install' or update your CocoaPods installation.\" >&2\n    exit 1\nfi\n# This output is used by Xcode 'outputs' to avoid re-running this script phase.\necho \"SUCCESS\" > \"${SCRIPT_OUTPUT_FILE_0}\"\n";
			showEnvVarsInLog = 0;
		};
		1F5B43CAA7E8256579E59877 /* [CP] Embed Pods Frameworks */ = {
			isa = PBXShellScriptBuildPhase;
			buildActionMask = 2147483647;
			files = (
			);
			inputPaths = (
			);
			name = "[CP] Embed Pods Frameworks";
			outputPaths = (
			);
			runOnlyForDeploymentPostprocessing = 0;
			shellPath = /bin/sh;
			shellScript = "\"${SRCROOT}/Pods/Target Support Files/Pods-ProjectStructureExample/Pods-ProjectStructureExample-frameworks.sh\"\n";
			showEnvVarsInLog = 0;
		};
		5C44B2EB4D244F0CCDA33B5C /* [CP] Check Pods Manifest.lock */ = {
			isa = PBXShellScriptBuildPhase;
			buildActionMask = 2147483647;
			files = (
			);
			inputPaths = (
				"${PODS_PODFILE_DIR_PATH}/Podfile.lock",
				"${PODS_ROOT}/Manifest.lock",
			);
			name = "[CP] Check Pods Manifest.lock";
			outputPaths = (
				"$(DERIVED_FILE_DIR)/Pods-ProjectStructureExample-checkManifestLockResult.txt",
			);
			runOnlyForDeploymentPostprocessing = 0;
			shellPath = /bin/sh;
			shellScript = "diff \"${PODS_PODFILE_DIR_PATH}/Podfile.lock\" \"${PODS_ROOT}/Manifest.lock\" > /dev/null\nif [ $? != 0 ] ; then\n    # print error to STDERR\n    echo \"error: The sandbox is not in sync with the Podfile.lock. Run 'pod install' or update your CocoaPods installation.\" >&2\n    exit 1\nfi\n# This output is used by Xcode 'outputs' to avoid re-running this script phase.\necho \"SUCCESS\" > \"${SCRIPT_OUTPUT_FILE_0}\"\n";
			showEnvVarsInLog = 0;
		};
		8ABC1E1B73197B6E873D5500 /* [CP] Copy Pods Resources */ = {
			isa = PBXShellScriptBuildPhase;
			buildActionMask = 2147483647;
			files = (
			);
			inputPaths = (
			);
			name = "[CP] Copy Pods Resources";
			outputPaths = (
			);
			runOnlyForDeploymentPostprocessing = 0;
			shellPath = /bin/sh;
			shellScript = "\"${SRCROOT}/Pods/Target Support Files/Pods-ProjectStructureExample/Pods-ProjectStructureExample-resources.sh\"\n";
			showEnvVarsInLog = 0;
		};
		A31AF2E44E8057D5E8ED96C4 /* [CP] Embed Pods Frameworks */ = {
			isa = PBXShellScriptBuildPhase;
			buildActionMask = 2147483647;
			files = (
			);
			inputPaths = (
			);
			name = "[CP] Embed Pods Frameworks";
			outputPaths = (
			);
			runOnlyForDeploymentPostprocessing = 0;
			shellPath = /bin/sh;
			shellScript = "\"${SRCROOT}/Pods/Target Support Files/Pods-ProjectStructureExampleUITests/Pods-ProjectStructureExampleUITests-frameworks.sh\"\n";
			showEnvVarsInLog = 0;
		};
		C64040E1829D454395D7AB83 /* [CP] Check Pods Manifest.lock */ = {
			isa = PBXShellScriptBuildPhase;
			buildActionMask = 2147483647;
			files = (
			);
			inputPaths = (
				"${PODS_PODFILE_DIR_PATH}/Podfile.lock",
				"${PODS_ROOT}/Manifest.lock",
			);
			name = "[CP] Check Pods Manifest.lock";
			outputPaths = (
				"$(DERIVED_FILE_DIR)/Pods-ProjectStructureExampleTests-checkManifestLockResult.txt",
			);
			runOnlyForDeploymentPostprocessing = 0;
			shellPath = /bin/sh;
			shellScript = "diff \"${PODS_PODFILE_DIR_PATH}/Podfile.lock\" \"${PODS_ROOT}/Manifest.lock\" > /dev/null\nif [ $? != 0 ] ; then\n    # print error to STDERR\n    echo \"error: The sandbox is not in sync with the Podfile.lock. Run 'pod install' or update your CocoaPods installation.\" >&2\n    exit 1\nfi\n# This output is used by Xcode 'outputs' to avoid re-running this script phase.\necho \"SUCCESS\" > \"${SCRIPT_OUTPUT_FILE_0}\"\n";
			showEnvVarsInLog = 0;
		};
		E7668D005E08B0914B4899E6 /* [CP] Copy Pods Resources */ = {
			isa = PBXShellScriptBuildPhase;
			buildActionMask = 2147483647;
			files = (
			);
			inputPaths = (
			);
			name = "[CP] Copy Pods Resources";
			outputPaths = (
			);
			runOnlyForDeploymentPostprocessing = 0;
			shellPath = /bin/sh;
			shellScript = "\"${SRCROOT}/Pods/Target Support Files/Pods-ProjectStructureExampleUITests/Pods-ProjectStructureExampleUITests-resources.sh\"\n";
			showEnvVarsInLog = 0;
		};
		ED5678DB6F99C082AE97438D /* [CP] Copy Pods Resources */ = {
			isa = PBXShellScriptBuildPhase;
			buildActionMask = 2147483647;
			files = (
			);
			inputPaths = (
			);
			name = "[CP] Copy Pods Resources";
			outputPaths = (
			);
			runOnlyForDeploymentPostprocessing = 0;
			shellPath = /bin/sh;
			shellScript = "\"${SRCROOT}/Pods/Target Support Files/Pods-ProjectStructureExampleTests/Pods-ProjectStructureExampleTests-resources.sh\"\n";
			showEnvVarsInLog = 0;
		};
		F5327437CF7E8EA54BE2B820 /* [CP] Embed Pods Frameworks */ = {
			isa = PBXShellScriptBuildPhase;
			buildActionMask = 2147483647;
			files = (
			);
			inputPaths = (
			);
			name = "[CP] Embed Pods Frameworks";
			outputPaths = (
			);
			runOnlyForDeploymentPostprocessing = 0;
			shellPath = /bin/sh;
			shellScript = "\"${SRCROOT}/Pods/Target Support Files/Pods-ProjectStructureExampleTests/Pods-ProjectStructureExampleTests-frameworks.sh\"\n";
			showEnvVarsInLog = 0;
		};
/* End PBXShellScriptBuildPhase section */

/* Begin PBXSourcesBuildPhase section */
		A4CC50302183979F00D4F5D7 /* Sources */ = {
			isa = PBXSourcesBuildPhase;
			buildActionMask = 2147483647;
			files = (
				A4CC503A2183979F00D4F5D7 /* ViewController.swift in Sources */,
				A4CC50382183979F00D4F5D7 /* AppDelegate.swift in Sources */,
			);
			runOnlyForDeploymentPostprocessing = 0;
		};
		A4CC5044218397A000D4F5D7 /* Sources */ = {
			isa = PBXSourcesBuildPhase;
			buildActionMask = 2147483647;
			files = (
				A4CC504D218397A000D4F5D7 /* ProjectStructureExampleTests.swift in Sources */,
			);
			runOnlyForDeploymentPostprocessing = 0;
		};
		A4CC504F218397A000D4F5D7 /* Sources */ = {
			isa = PBXSourcesBuildPhase;
			buildActionMask = 2147483647;
			files = (
				A4CC5058218397A000D4F5D7 /* ProjectStructureExampleUITests.swift in Sources */,
			);
			runOnlyForDeploymentPostprocessing = 0;
		};
		A4CC507621839D4400D4F5D7 /* Sources */ = {
			isa = PBXSourcesBuildPhase;
			buildActionMask = 2147483647;
			files = (
			);
			runOnlyForDeploymentPostprocessing = 0;
		};
		A4CC507E21839D4400D4F5D7 /* Sources */ = {
			isa = PBXSourcesBuildPhase;
			buildActionMask = 2147483647;
			files = (
				A4CC508A21839D4400D4F5D7 /* ProjectStructureExampleKitTests.swift in Sources */,
			);
			runOnlyForDeploymentPostprocessing = 0;
		};
/* End PBXSourcesBuildPhase section */

/* Begin PBXTargetDependency section */
		A4CC504A218397A000D4F5D7 /* PBXTargetDependency */ = {
			isa = PBXTargetDependency;
			target = A4CC50332183979F00D4F5D7 /* ProjectStructureExample */;
			targetProxy = A4CC5049218397A000D4F5D7 /* PBXContainerItemProxy */;
		};
		A4CC5055218397A000D4F5D7 /* PBXTargetDependency */ = {
			isa = PBXTargetDependency;
			target = A4CC50332183979F00D4F5D7 /* ProjectStructureExample */;
			targetProxy = A4CC5054218397A000D4F5D7 /* PBXContainerItemProxy */;
		};
		A4CC508521839D4400D4F5D7 /* PBXTargetDependency */ = {
			isa = PBXTargetDependency;
			target = A4CC507921839D4400D4F5D7 /* ProjectStructureExampleKit */;
			targetProxy = A4CC508421839D4400D4F5D7 /* PBXContainerItemProxy */;
		};
		A4CC508721839D4400D4F5D7 /* PBXTargetDependency */ = {
			isa = PBXTargetDependency;
			target = A4CC50332183979F00D4F5D7 /* ProjectStructureExample */;
			targetProxy = A4CC508621839D4400D4F5D7 /* PBXContainerItemProxy */;
		};
		A4CC508E21839D4400D4F5D7 /* PBXTargetDependency */ = {
			isa = PBXTargetDependency;
			target = A4CC507921839D4400D4F5D7 /* ProjectStructureExampleKit */;
			targetProxy = A4CC508D21839D4400D4F5D7 /* PBXContainerItemProxy */;
		};
/* End PBXTargetDependency section */

/* Begin PBXVariantGroup section */
		A4CC503B2183979F00D4F5D7 /* Main.storyboard */ = {
			isa = PBXVariantGroup;
			children = (
				A4CC503C2183979F00D4F5D7 /* Base */,
			);
			name = Main.storyboard;
			sourceTree = "<group>";
		};
		A4CC5040218397A000D4F5D7 /* LaunchScreen.storyboard */ = {
			isa = PBXVariantGroup;
			children = (
				A4CC5041218397A000D4F5D7 /* Base */,
			);
			name = LaunchScreen.storyboard;
			sourceTree = "<group>";
		};
/* End PBXVariantGroup section */

/* Begin XCBuildConfiguration section */
		A4CC505A218397A000D4F5D7 /* Debug */ = {
			isa = XCBuildConfiguration;
			buildSettings = {
				ALWAYS_SEARCH_USER_PATHS = NO;
				CLANG_ANALYZER_NONNULL = YES;
				CLANG_ANALYZER_NUMBER_OBJECT_CONVERSION = YES_AGGRESSIVE;
				CLANG_CXX_LANGUAGE_STANDARD = "gnu++14";
				CLANG_CXX_LIBRARY = "libc++";
				CLANG_ENABLE_MODULES = YES;
				CLANG_ENABLE_OBJC_ARC = YES;
				CLANG_ENABLE_OBJC_WEAK = YES;
				CLANG_WARN_BLOCK_CAPTURE_AUTORELEASING = YES;
				CLANG_WARN_BOOL_CONVERSION = YES;
				CLANG_WARN_COMMA = YES;
				CLANG_WARN_CONSTANT_CONVERSION = YES;
				CLANG_WARN_DEPRECATED_OBJC_IMPLEMENTATIONS = YES;
				CLANG_WARN_DIRECT_OBJC_ISA_USAGE = YES_ERROR;
				CLANG_WARN_DOCUMENTATION_COMMENTS = YES;
				CLANG_WARN_EMPTY_BODY = YES;
				CLANG_WARN_ENUM_CONVERSION = YES;
				CLANG_WARN_INFINITE_RECURSION = YES;
				CLANG_WARN_INT_CONVERSION = YES;
				CLANG_WARN_NON_LITERAL_NULL_CONVERSION = YES;
				CLANG_WARN_OBJC_IMPLICIT_RETAIN_SELF = YES;
				CLANG_WARN_OBJC_LITERAL_CONVERSION = YES;
				CLANG_WARN_OBJC_ROOT_CLASS = YES_ERROR;
				CLANG_WARN_RANGE_LOOP_ANALYSIS = YES;
				CLANG_WARN_STRICT_PROTOTYPES = YES;
				CLANG_WARN_SUSPICIOUS_MOVE = YES;
				CLANG_WARN_UNGUARDED_AVAILABILITY = YES_AGGRESSIVE;
				CLANG_WARN_UNREACHABLE_CODE = YES;
				CLANG_WARN__DUPLICATE_METHOD_MATCH = YES;
				CODE_SIGN_IDENTITY = "iPhone Developer";
				COPY_PHASE_STRIP = NO;
				DEBUG_INFORMATION_FORMAT = dwarf;
				ENABLE_STRICT_OBJC_MSGSEND = YES;
				ENABLE_TESTABILITY = YES;
				GCC_C_LANGUAGE_STANDARD = gnu11;
				GCC_DYNAMIC_NO_PIC = NO;
				GCC_NO_COMMON_BLOCKS = YES;
				GCC_OPTIMIZATION_LEVEL = 0;
				GCC_PREPROCESSOR_DEFINITIONS = (
					"DEBUG=1",
					"$(inherited)",
				);
				GCC_WARN_64_TO_32_BIT_CONVERSION = YES;
				GCC_WARN_ABOUT_RETURN_TYPE = YES_ERROR;
				GCC_WARN_UNDECLARED_SELECTOR = YES;
				GCC_WARN_UNINITIALIZED_AUTOS = YES_AGGRESSIVE;
				GCC_WARN_UNUSED_FUNCTION = YES;
				GCC_WARN_UNUSED_VARIABLE = YES;
				IPHONEOS_DEPLOYMENT_TARGET = 12.0;
				MTL_ENABLE_DEBUG_INFO = INCLUDE_SOURCE;
				MTL_FAST_MATH = YES;
				ONLY_ACTIVE_ARCH = YES;
				SDKROOT = iphoneos;
				SWIFT_ACTIVE_COMPILATION_CONDITIONS = DEBUG;
				SWIFT_OPTIMIZATION_LEVEL = "-Onone";
			};
			name = Debug;
		};
		A4CC505B218397A000D4F5D7 /* Release */ = {
			isa = XCBuildConfiguration;
			buildSettings = {
				ALWAYS_SEARCH_USER_PATHS = NO;
				CLANG_ANALYZER_NONNULL = YES;
				CLANG_ANALYZER_NUMBER_OBJECT_CONVERSION = YES_AGGRESSIVE;
				CLANG_CXX_LANGUAGE_STANDARD = "gnu++14";
				CLANG_CXX_LIBRARY = "libc++";
				CLANG_ENABLE_MODULES = YES;
				CLANG_ENABLE_OBJC_ARC = YES;
				CLANG_ENABLE_OBJC_WEAK = YES;
				CLANG_WARN_BLOCK_CAPTURE_AUTORELEASING = YES;
				CLANG_WARN_BOOL_CONVERSION = YES;
				CLANG_WARN_COMMA = YES;
				CLANG_WARN_CONSTANT_CONVERSION = YES;
				CLANG_WARN_DEPRECATED_OBJC_IMPLEMENTATIONS = YES;
				CLANG_WARN_DIRECT_OBJC_ISA_USAGE = YES_ERROR;
				CLANG_WARN_DOCUMENTATION_COMMENTS = YES;
				CLANG_WARN_EMPTY_BODY = YES;
				CLANG_WARN_ENUM_CONVERSION = YES;
				CLANG_WARN_INFINITE_RECURSION = YES;
				CLANG_WARN_INT_CONVERSION = YES;
				CLANG_WARN_NON_LITERAL_NULL_CONVERSION = YES;
				CLANG_WARN_OBJC_IMPLICIT_RETAIN_SELF = YES;
				CLANG_WARN_OBJC_LITERAL_CONVERSION = YES;
				CLANG_WARN_OBJC_ROOT_CLASS = YES_ERROR;
				CLANG_WARN_RANGE_LOOP_ANALYSIS = YES;
				CLANG_WARN_STRICT_PROTOTYPES = YES;
				CLANG_WARN_SUSPICIOUS_MOVE = YES;
				CLANG_WARN_UNGUARDED_AVAILABILITY = YES_AGGRESSIVE;
				CLANG_WARN_UNREACHABLE_CODE = YES;
				CLANG_WARN__DUPLICATE_METHOD_MATCH = YES;
				CODE_SIGN_IDENTITY = "iPhone Developer";
				COPY_PHASE_STRIP = NO;
				DEBUG_INFORMATION_FORMAT = "dwarf-with-dsym";
				ENABLE_NS_ASSERTIONS = NO;
				ENABLE_STRICT_OBJC_MSGSEND = YES;
				GCC_C_LANGUAGE_STANDARD = gnu11;
				GCC_NO_COMMON_BLOCKS = YES;
				GCC_WARN_64_TO_32_BIT_CONVERSION = YES;
				GCC_WARN_ABOUT_RETURN_TYPE = YES_ERROR;
				GCC_WARN_UNDECLARED_SELECTOR = YES;
				GCC_WARN_UNINITIALIZED_AUTOS = YES_AGGRESSIVE;
				GCC_WARN_UNUSED_FUNCTION = YES;
				GCC_WARN_UNUSED_VARIABLE = YES;
				IPHONEOS_DEPLOYMENT_TARGET = 12.0;
				MTL_ENABLE_DEBUG_INFO = NO;
				MTL_FAST_MATH = YES;
				SDKROOT = iphoneos;
				SWIFT_COMPILATION_MODE = wholemodule;
				SWIFT_OPTIMIZATION_LEVEL = "-O";
				VALIDATE_PRODUCT = YES;
			};
			name = Release;
		};
		A4CC505D218397A000D4F5D7 /* Debug */ = {
			isa = XCBuildConfiguration;
			baseConfigurationReference = 550E58CE2A837254D9A7C0CF /* Pods-ProjectStructureExample.debug.xcconfig */;
			buildSettings = {
				ASSETCATALOG_COMPILER_APPICON_NAME = AppIcon;
				CODE_SIGN_STYLE = Automatic;
				INFOPLIST_FILE = ProjectStructureExample/Info.plist;
				LD_RUNPATH_SEARCH_PATHS = (
					"$(inherited)",
					"@executable_path/Frameworks",
				);
				PRODUCT_BUNDLE_IDENTIFIER = com.tylermilner.ProjectStructureExample;
				PRODUCT_NAME = "$(TARGET_NAME)";
				SWIFT_VERSION = 4.2;
				TARGETED_DEVICE_FAMILY = "1,2";
			};
			name = Debug;
		};
		A4CC505E218397A000D4F5D7 /* Release */ = {
			isa = XCBuildConfiguration;
			baseConfigurationReference = 39A15DD623CF3934CFEB2AF9 /* Pods-ProjectStructureExample.release.xcconfig */;
			buildSettings = {
				ASSETCATALOG_COMPILER_APPICON_NAME = AppIcon;
				CODE_SIGN_STYLE = Automatic;
				INFOPLIST_FILE = ProjectStructureExample/Info.plist;
				LD_RUNPATH_SEARCH_PATHS = (
					"$(inherited)",
					"@executable_path/Frameworks",
				);
				PRODUCT_BUNDLE_IDENTIFIER = com.tylermilner.ProjectStructureExample;
				PRODUCT_NAME = "$(TARGET_NAME)";
				SWIFT_VERSION = 4.2;
				TARGETED_DEVICE_FAMILY = "1,2";
			};
			name = Release;
		};
		A4CC5060218397A000D4F5D7 /* Debug */ = {
			isa = XCBuildConfiguration;
			baseConfigurationReference = 9094804F0EAF7B894965F92C /* Pods-ProjectStructureExampleTests.debug.xcconfig */;
			buildSettings = {
				ALWAYS_EMBED_SWIFT_STANDARD_LIBRARIES = YES;
				BUNDLE_LOADER = "$(TEST_HOST)";
				CODE_SIGN_STYLE = Automatic;
				INFOPLIST_FILE = ProjectStructureExampleTests/Info.plist;
				LD_RUNPATH_SEARCH_PATHS = (
					"$(inherited)",
					"@executable_path/Frameworks",
					"@loader_path/Frameworks",
				);
				PRODUCT_BUNDLE_IDENTIFIER = com.tylermilner.ProjectStructureExampleTests;
				PRODUCT_NAME = "$(TARGET_NAME)";
				SWIFT_VERSION = 4.2;
				TARGETED_DEVICE_FAMILY = "1,2";
				TEST_HOST = "$(BUILT_PRODUCTS_DIR)/ProjectStructureExample.app/ProjectStructureExample";
			};
			name = Debug;
		};
		A4CC5061218397A000D4F5D7 /* Release */ = {
			isa = XCBuildConfiguration;
			baseConfigurationReference = 7F2622F9E3B70DADACC2C496 /* Pods-ProjectStructureExampleTests.release.xcconfig */;
			buildSettings = {
				ALWAYS_EMBED_SWIFT_STANDARD_LIBRARIES = YES;
				BUNDLE_LOADER = "$(TEST_HOST)";
				CODE_SIGN_STYLE = Automatic;
				INFOPLIST_FILE = ProjectStructureExampleTests/Info.plist;
				LD_RUNPATH_SEARCH_PATHS = (
					"$(inherited)",
					"@executable_path/Frameworks",
					"@loader_path/Frameworks",
				);
				PRODUCT_BUNDLE_IDENTIFIER = com.tylermilner.ProjectStructureExampleTests;
				PRODUCT_NAME = "$(TARGET_NAME)";
				SWIFT_VERSION = 4.2;
				TARGETED_DEVICE_FAMILY = "1,2";
				TEST_HOST = "$(BUILT_PRODUCTS_DIR)/ProjectStructureExample.app/ProjectStructureExample";
			};
			name = Release;
		};
		A4CC5063218397A000D4F5D7 /* Debug */ = {
			isa = XCBuildConfiguration;
			baseConfigurationReference = F644A71E12FE8AF42904696A /* Pods-ProjectStructureExampleUITests.debug.xcconfig */;
			buildSettings = {
				ALWAYS_EMBED_SWIFT_STANDARD_LIBRARIES = YES;
				CODE_SIGN_STYLE = Automatic;
				INFOPLIST_FILE = ProjectStructureExampleUITests/Info.plist;
				LD_RUNPATH_SEARCH_PATHS = (
					"$(inherited)",
					"@executable_path/Frameworks",
					"@loader_path/Frameworks",
				);
				PRODUCT_BUNDLE_IDENTIFIER = com.tylermilner.ProjectStructureExampleUITests;
				PRODUCT_NAME = "$(TARGET_NAME)";
				SWIFT_VERSION = 4.2;
				TARGETED_DEVICE_FAMILY = "1,2";
				TEST_TARGET_NAME = ProjectStructureExample;
			};
			name = Debug;
		};
		A4CC5064218397A000D4F5D7 /* Release */ = {
			isa = XCBuildConfiguration;
			baseConfigurationReference = A718ECE154074B210D2F671B /* Pods-ProjectStructureExampleUITests.release.xcconfig */;
			buildSettings = {
				ALWAYS_EMBED_SWIFT_STANDARD_LIBRARIES = YES;
				CODE_SIGN_STYLE = Automatic;
				INFOPLIST_FILE = ProjectStructureExampleUITests/Info.plist;
				LD_RUNPATH_SEARCH_PATHS = (
					"$(inherited)",
					"@executable_path/Frameworks",
					"@loader_path/Frameworks",
				);
				PRODUCT_BUNDLE_IDENTIFIER = com.tylermilner.ProjectStructureExampleUITests;
				PRODUCT_NAME = "$(TARGET_NAME)";
				SWIFT_VERSION = 4.2;
				TARGETED_DEVICE_FAMILY = "1,2";
				TEST_TARGET_NAME = ProjectStructureExample;
			};
			name = Release;
		};
		A4CC509221839D4400D4F5D7 /* Debug */ = {
			isa = XCBuildConfiguration;
			buildSettings = {
				CODE_SIGN_IDENTITY = "";
				CODE_SIGN_STYLE = Automatic;
				CURRENT_PROJECT_VERSION = 1;
				DEFINES_MODULE = YES;
				DYLIB_COMPATIBILITY_VERSION = 1;
				DYLIB_CURRENT_VERSION = 1;
				DYLIB_INSTALL_NAME_BASE = "@rpath";
				INFOPLIST_FILE = ProjectStructureExampleKit/Info.plist;
				INSTALL_PATH = "$(LOCAL_LIBRARY_DIR)/Frameworks";
				LD_RUNPATH_SEARCH_PATHS = (
					"$(inherited)",
					"@executable_path/Frameworks",
					"@loader_path/Frameworks",
				);
				PRODUCT_BUNDLE_IDENTIFIER = com.tylermilner.ProjectStructureExampleKit;
				PRODUCT_NAME = "$(TARGET_NAME:c99extidentifier)";
				SKIP_INSTALL = YES;
				SWIFT_VERSION = 4.2;
				TARGETED_DEVICE_FAMILY = "1,2";
				VERSIONING_SYSTEM = "apple-generic";
				VERSION_INFO_PREFIX = "";
			};
			name = Debug;
		};
		A4CC509321839D4400D4F5D7 /* Release */ = {
			isa = XCBuildConfiguration;
			buildSettings = {
				CODE_SIGN_IDENTITY = "";
				CODE_SIGN_STYLE = Automatic;
				CURRENT_PROJECT_VERSION = 1;
				DEFINES_MODULE = YES;
				DYLIB_COMPATIBILITY_VERSION = 1;
				DYLIB_CURRENT_VERSION = 1;
				DYLIB_INSTALL_NAME_BASE = "@rpath";
				INFOPLIST_FILE = ProjectStructureExampleKit/Info.plist;
				INSTALL_PATH = "$(LOCAL_LIBRARY_DIR)/Frameworks";
				LD_RUNPATH_SEARCH_PATHS = (
					"$(inherited)",
					"@executable_path/Frameworks",
					"@loader_path/Frameworks",
				);
				PRODUCT_BUNDLE_IDENTIFIER = com.tylermilner.ProjectStructureExampleKit;
				PRODUCT_NAME = "$(TARGET_NAME:c99extidentifier)";
				SKIP_INSTALL = YES;
				SWIFT_VERSION = 4.2;
				TARGETED_DEVICE_FAMILY = "1,2";
				VERSIONING_SYSTEM = "apple-generic";
				VERSION_INFO_PREFIX = "";
			};
			name = Release;
		};
		A4CC509621839D4400D4F5D7 /* Debug */ = {
			isa = XCBuildConfiguration;
			buildSettings = {
				ALWAYS_EMBED_SWIFT_STANDARD_LIBRARIES = YES;
				CODE_SIGN_STYLE = Automatic;
				INFOPLIST_FILE = ProjectStructureExampleKitTests/Info.plist;
				LD_RUNPATH_SEARCH_PATHS = (
					"$(inherited)",
					"@executable_path/Frameworks",
					"@loader_path/Frameworks",
				);
				PRODUCT_BUNDLE_IDENTIFIER = com.tylermilner.ProjectStructureExampleKitTests;
				PRODUCT_NAME = "$(TARGET_NAME)";
				SWIFT_VERSION = 4.2;
				TARGETED_DEVICE_FAMILY = "1,2";
				TEST_HOST = "$(BUILT_PRODUCTS_DIR)/ProjectStructureExample.app/ProjectStructureExample";
			};
			name = Debug;
		};
		A4CC509721839D4400D4F5D7 /* Release */ = {
			isa = XCBuildConfiguration;
			buildSettings = {
				ALWAYS_EMBED_SWIFT_STANDARD_LIBRARIES = YES;
				CODE_SIGN_STYLE = Automatic;
				INFOPLIST_FILE = ProjectStructureExampleKitTests/Info.plist;
				LD_RUNPATH_SEARCH_PATHS = (
					"$(inherited)",
					"@executable_path/Frameworks",
					"@loader_path/Frameworks",
				);
				PRODUCT_BUNDLE_IDENTIFIER = com.tylermilner.ProjectStructureExampleKitTests;
				PRODUCT_NAME = "$(TARGET_NAME)";
				SWIFT_VERSION = 4.2;
				TARGETED_DEVICE_FAMILY = "1,2";
				TEST_HOST = "$(BUILT_PRODUCTS_DIR)/ProjectStructureExample.app/ProjectStructureExample";
			};
			name = Release;
		};
/* End XCBuildConfiguration section */

/* Begin XCConfigurationList section */
		A4CC502F2183979F00D4F5D7 /* Build configuration list for PBXProject "ProjectStructureExample" */ = {
			isa = XCConfigurationList;
			buildConfigurations = (
				A4CC505A218397A000D4F5D7 /* Debug */,
				A4CC505B218397A000D4F5D7 /* Release */,
			);
			defaultConfigurationIsVisible = 0;
			defaultConfigurationName = Release;
		};
		A4CC505C218397A000D4F5D7 /* Build configuration list for PBXNativeTarget "ProjectStructureExample" */ = {
			isa = XCConfigurationList;
			buildConfigurations = (
				A4CC505D218397A000D4F5D7 /* Debug */,
				A4CC505E218397A000D4F5D7 /* Release */,
			);
			defaultConfigurationIsVisible = 0;
			defaultConfigurationName = Release;
		};
		A4CC505F218397A000D4F5D7 /* Build configuration list for PBXNativeTarget "ProjectStructureExampleTests" */ = {
			isa = XCConfigurationList;
			buildConfigurations = (
				A4CC5060218397A000D4F5D7 /* Debug */,
				A4CC5061218397A000D4F5D7 /* Release */,
			);
			defaultConfigurationIsVisible = 0;
			defaultConfigurationName = Release;
		};
		A4CC5062218397A000D4F5D7 /* Build configuration list for PBXNativeTarget "ProjectStructureExampleUITests" */ = {
			isa = XCConfigurationList;
			buildConfigurations = (
				A4CC5063218397A000D4F5D7 /* Debug */,
				A4CC5064218397A000D4F5D7 /* Release */,
			);
			defaultConfigurationIsVisible = 0;
			defaultConfigurationName = Release;
		};
		A4CC509121839D4400D4F5D7 /* Build configuration list for PBXNativeTarget "ProjectStructureExampleKit" */ = {
			isa = XCConfigurationList;
			buildConfigurations = (
				A4CC509221839D4400D4F5D7 /* Debug */,
				A4CC509321839D4400D4F5D7 /* Release */,
			);
			defaultConfigurationIsVisible = 0;
			defaultConfigurationName = Release;
		};
		A4CC509521839D4400D4F5D7 /* Build configuration list for PBXNativeTarget "ProjectStructureExampleKitTests" */ = {
			isa = XCConfigurationList;
			buildConfigurations = (
				A4CC509621839D4400D4F5D7 /* Debug */,
				A4CC509721839D4400D4F5D7 /* Release */,
			);
			defaultConfigurationIsVisible = 0;
			defaultConfigurationName = Release;
		};
/* End XCConfigurationList section */
	};
	rootObject = A4CC502C2183979F00D4F5D7 /* Project object */;
}
